// !$*UTF8*$!
{
	archiveVersion = 1;
	classes = {
	};
	objectVersion = 50;
	objects = {

/* Begin PBXBuildFile section */
		4D4C3F9F8909AE87EBF388AA /* Pods_ArRobotCode.framework in Frameworks */ = {isa = PBXBuildFile; fileRef = 95B98C4B152FA25D4771F780 /* Pods_ArRobotCode.framework */; };
		B9C5F2DAFD470FCB1BC0D63A /* Pods_ArRobotCodeTests.framework in Frameworks */ = {isa = PBXBuildFile; fileRef = BE9F63EFD1642FFBB03F16D6 /* Pods_ArRobotCodeTests.framework */; };
		D3185F93219A0EC5002310C6 /* gui.js in Resources */ = {isa = PBXBuildFile; fileRef = D3185F82219A0EC5002310C6 /* gui.js */; };
		D3185F94219A0EC5002310C6 /* blocksonly.js in Resources */ = {isa = PBXBuildFile; fileRef = D3185F84219A0EC5002310C6 /* blocksonly.js */; };
		D3185F95219A0EC5002310C6 /* extension-worker.js in Resources */ = {isa = PBXBuildFile; fileRef = D3185F85219A0EC5002310C6 /* extension-worker.js */; };
		D3185F96219A0EC5002310C6 /* index.html in Resources */ = {isa = PBXBuildFile; fileRef = D3185F87219A0EC5002310C6 /* index.html */; };
		D3185F97219A0EC6002310C6 /* player.html in Resources */ = {isa = PBXBuildFile; fileRef = D3185F89219A0EC5002310C6 /* player.html */; };
		D3185F98219A0EC6002310C6 /* static in Resources */ = {isa = PBXBuildFile; fileRef = D3185F8B219A0EC5002310C6 /* static */; };
		D3185F99219A0EC6002310C6 /* compatibility-testing.html in Resources */ = {isa = PBXBuildFile; fileRef = D3185F8D219A0EC5002310C6 /* compatibility-testing.html */; };
		D3185F9A219A0EC6002310C6 /* blocks-only.html in Resources */ = {isa = PBXBuildFile; fileRef = D3185F8E219A0EC5002310C6 /* blocks-only.html */; };
		D3185F9B219A0EC6002310C6 /* compatibilitytesting.js in Resources */ = {isa = PBXBuildFile; fileRef = D3185F8F219A0EC5002310C6 /* compatibilitytesting.js */; };
		D3185F9C219A0EC6002310C6 /* lib.min.js in Resources */ = {isa = PBXBuildFile; fileRef = D3185F91219A0EC5002310C6 /* lib.min.js */; };
		D3185F9D219A0EC6002310C6 /* player.js in Resources */ = {isa = PBXBuildFile; fileRef = D3185F92219A0EC5002310C6 /* player.js */; };
		D31F16032179EF02006B37B4 /* SidePageViewController.swift in Sources */ = {isa = PBXBuildFile; fileRef = D31F16022179EF02006B37B4 /* SidePageViewController.swift */; };
		D31F1607217A3DB5006B37B4 /* Readme.rtf in Resources */ = {isa = PBXBuildFile; fileRef = D31F1606217A3DB5006B37B4 /* Readme.rtf */; };
		D324C3F7219C09E700C78C4D /* GameUISplitViewController.swift in Sources */ = {isa = PBXBuildFile; fileRef = D324C3F6219C09E700C78C4D /* GameUISplitViewController.swift */; };
		D324C403219C256600C78C4D /* Plane.swift in Sources */ = {isa = PBXBuildFile; fileRef = D324C401219C256500C78C4D /* Plane.swift */; };
		D35DC80B218DCA3B000B0FFC /* LevelsSplitViewController.swift in Sources */ = {isa = PBXBuildFile; fileRef = D35DC80A218DCA3B000B0FFC /* LevelsSplitViewController.swift */; };
		D35DC80D218DE210000B0FFC /* LevelViewModel.swift in Sources */ = {isa = PBXBuildFile; fileRef = D35DC80C218DE210000B0FFC /* LevelViewModel.swift */; };
		D368124521807CAA000458C1 /* PlayerHexa.swift in Sources */ = {isa = PBXBuildFile; fileRef = D368124321807CAA000458C1 /* PlayerHexa.swift */; };
		D368124621807CAA000458C1 /* PlayerInterface.swift in Sources */ = {isa = PBXBuildFile; fileRef = D368124421807CAA000458C1 /* PlayerInterface.swift */; };
		D36BF84121BD1E48009CAC68 /* FirebaseLevelsRepository.swift in Sources */ = {isa = PBXBuildFile; fileRef = D36BF84021BD1E48009CAC68 /* FirebaseLevelsRepository.swift */; };
		D388336D2189AEDD00D04589 /* APIRequest.swift in Sources */ = {isa = PBXBuildFile; fileRef = D388336C2189AEDD00D04589 /* APIRequest.swift */; };
		D388336F2189B0C000D04589 /* LevelsRequest.swift in Sources */ = {isa = PBXBuildFile; fileRef = D388336E2189B0C000D04589 /* LevelsRequest.swift */; };
		D38833712189B0F000D04589 /* APIClient.swift in Sources */ = {isa = PBXBuildFile; fileRef = D38833702189B0F000D04589 /* APIClient.swift */; };
		D38833732189E21600D04589 /* APIResponse.swift in Sources */ = {isa = PBXBuildFile; fileRef = D38833722189E21600D04589 /* APIResponse.swift */; };
		D38E754D21A4519100590B78 /* PlayerAR.swift in Sources */ = {isa = PBXBuildFile; fileRef = D38E754C21A4519100590B78 /* PlayerAR.swift */; };
		D39A3E9121A6E66000FA00C5 /* EngineInterface.swift in Sources */ = {isa = PBXBuildFile; fileRef = D39A3E9021A6E66000FA00C5 /* EngineInterface.swift */; };
		D39A3E9321A6E7E500FA00C5 /* EngineAR.swift in Sources */ = {isa = PBXBuildFile; fileRef = D39A3E9221A6E7E500FA00C5 /* EngineAR.swift */; };
		D3BA70EB21BA5CF100E0742C /* MainViewController.swift in Sources */ = {isa = PBXBuildFile; fileRef = D3BA70EA21BA5CF100E0742C /* MainViewController.swift */; };
		D3BA70ED21BA639900E0742C /* GoogleService-Info.plist in Resources */ = {isa = PBXBuildFile; fileRef = D3BA70EC21BA639900E0742C /* GoogleService-Info.plist */; };
		D3BA70EE21BA639900E0742C /* GoogleService-Info.plist in Resources */ = {isa = PBXBuildFile; fileRef = D3BA70EC21BA639900E0742C /* GoogleService-Info.plist */; };
		D3BA70EF21BA639900E0742C /* GoogleService-Info.plist in Resources */ = {isa = PBXBuildFile; fileRef = D3BA70EC21BA639900E0742C /* GoogleService-Info.plist */; };
		D3BA70F321BA764800E0742C /* rocket.json in Resources */ = {isa = PBXBuildFile; fileRef = D3BA70F221BA764800E0742C /* rocket.json */; };
		D3C55EDC218775130007BCC9 /* LevelsListViewModel.swift in Sources */ = {isa = PBXBuildFile; fileRef = D3C55EDB218775130007BCC9 /* LevelsListViewModel.swift */; };
		D3C55EDE2187791A0007BCC9 /* LevelsListVController.swift in Sources */ = {isa = PBXBuildFile; fileRef = D3C55EDD2187791A0007BCC9 /* LevelsListVController.swift */; };
		D3C55EE021877A020007BCC9 /* LevelTableViewCell.swift in Sources */ = {isa = PBXBuildFile; fileRef = D3C55EDF21877A020007BCC9 /* LevelTableViewCell.swift */; };
		D3C55EE221883B8F0007BCC9 /* DataLevel.swift in Sources */ = {isa = PBXBuildFile; fileRef = D3C55EE121883B8F0007BCC9 /* DataLevel.swift */; };
		D3C55EE52188531C0007BCC9 /* Repository.swift in Sources */ = {isa = PBXBuildFile; fileRef = D3C55EE42188531C0007BCC9 /* Repository.swift */; };
		D3E50F2A2178850C000270EE /* AppDelegate.swift in Sources */ = {isa = PBXBuildFile; fileRef = D3E50F292178850C000270EE /* AppDelegate.swift */; };
		D3E50F2C2178850C000270EE /* art.scnassets in Resources */ = {isa = PBXBuildFile; fileRef = D3E50F2B2178850C000270EE /* art.scnassets */; };
		D3E50F2E2178850C000270EE /* ARViewController.swift in Sources */ = {isa = PBXBuildFile; fileRef = D3E50F2D2178850C000270EE /* ARViewController.swift */; };
		D3E50F312178850C000270EE /* Game.storyboard in Resources */ = {isa = PBXBuildFile; fileRef = D3E50F2F2178850C000270EE /* Game.storyboard */; };
		D3E50F332178850D000270EE /* Assets.xcassets in Resources */ = {isa = PBXBuildFile; fileRef = D3E50F322178850D000270EE /* Assets.xcassets */; };
		D3E50F362178850D000270EE /* Main.storyboard in Resources */ = {isa = PBXBuildFile; fileRef = D3E50F342178850D000270EE /* Main.storyboard */; };
		D3E50F412178850D000270EE /* ArRobotCodeTests.swift in Sources */ = {isa = PBXBuildFile; fileRef = D3E50F402178850D000270EE /* ArRobotCodeTests.swift */; };
		D3E50F4C2178850D000270EE /* ArRobotCodeUITests.swift in Sources */ = {isa = PBXBuildFile; fileRef = D3E50F4B2178850D000270EE /* ArRobotCodeUITests.swift */; };
		D3E50F5A21788FF2000270EE /* Tile.sks in Resources */ = {isa = PBXBuildFile; fileRef = D3E50F5921788FF2000270EE /* Tile.sks */; };
		D3F0ED06217DB57900054F87 /* InstructionsViewController.swift in Sources */ = {isa = PBXBuildFile; fileRef = D3F0ED05217DB57900054F87 /* InstructionsViewController.swift */; };
		D3F0F71B219D9D0D0002788C /* plane_grid.png in Resources */ = {isa = PBXBuildFile; fileRef = D3F0F71A219D9D0D0002788C /* plane_grid.png */; };
		D3F0F71E219D9F830002788C /* GameScene.swift in Sources */ = {isa = PBXBuildFile; fileRef = D3F0F71D219D9F830002788C /* GameScene.swift */; };
		D3F7440C21830A2E0096958F /* LevelBuilderViewController.swift in Sources */ = {isa = PBXBuildFile; fileRef = D3F7440B21830A2E0096958F /* LevelBuilderViewController.swift */; };
		D3F7440E21830EA10096958F /* TileCell.swift in Sources */ = {isa = PBXBuildFile; fileRef = D3F7440D21830EA10096958F /* TileCell.swift */; };
		D3F74410218312600096958F /* DataTile.swift in Sources */ = {isa = PBXBuildFile; fileRef = D3F7440F218312600096958F /* DataTile.swift */; };
		D3F8888A2187302500D7A080 /* Levels.storyboard in Resources */ = {isa = PBXBuildFile; fileRef = D3F888892187302500D7A080 /* Levels.storyboard */; };
		E07EB761F78F427627962263 /* Pods_ArRobotCodeUITests.framework in Frameworks */ = {isa = PBXBuildFile; fileRef = B46A38F146B0693217A16C04 /* Pods_ArRobotCodeUITests.framework */; };
/* End PBXBuildFile section */

/* Begin PBXContainerItemProxy section */
		D3E50F3D2178850D000270EE /* PBXContainerItemProxy */ = {
			isa = PBXContainerItemProxy;
			containerPortal = D3E50F1E2178850C000270EE /* Project object */;
			proxyType = 1;
			remoteGlobalIDString = D3E50F252178850C000270EE;
			remoteInfo = ArRobotCode;
		};
		D3E50F482178850D000270EE /* PBXContainerItemProxy */ = {
			isa = PBXContainerItemProxy;
			containerPortal = D3E50F1E2178850C000270EE /* Project object */;
			proxyType = 1;
			remoteGlobalIDString = D3E50F252178850C000270EE;
			remoteInfo = ArRobotCode;
		};
/* End PBXContainerItemProxy section */

/* Begin PBXFileReference section */
		2F1D1283B0281FC8CC1DF9C3 /* Pods-ArRobotCodeTests.debug.xcconfig */ = {isa = PBXFileReference; includeInIndex = 1; lastKnownFileType = text.xcconfig; name = "Pods-ArRobotCodeTests.debug.xcconfig"; path = "Pods/Target Support Files/Pods-ArRobotCodeTests/Pods-ArRobotCodeTests.debug.xcconfig"; sourceTree = "<group>"; };
		5729B4A1A5B90872972A8065 /* Pods-ArRobotCode.debug.xcconfig */ = {isa = PBXFileReference; includeInIndex = 1; lastKnownFileType = text.xcconfig; name = "Pods-ArRobotCode.debug.xcconfig"; path = "Pods/Target Support Files/Pods-ArRobotCode/Pods-ArRobotCode.debug.xcconfig"; sourceTree = "<group>"; };
		878942C2666A802D3BE28F91 /* Pods-ArRobotCode.release.xcconfig */ = {isa = PBXFileReference; includeInIndex = 1; lastKnownFileType = text.xcconfig; name = "Pods-ArRobotCode.release.xcconfig"; path = "Pods/Target Support Files/Pods-ArRobotCode/Pods-ArRobotCode.release.xcconfig"; sourceTree = "<group>"; };
		95B98C4B152FA25D4771F780 /* Pods_ArRobotCode.framework */ = {isa = PBXFileReference; explicitFileType = wrapper.framework; includeInIndex = 0; path = Pods_ArRobotCode.framework; sourceTree = BUILT_PRODUCTS_DIR; };
		B262C8F5CBA09810F4EFEC74 /* Pods-ArRobotCodeUITests.release.xcconfig */ = {isa = PBXFileReference; includeInIndex = 1; lastKnownFileType = text.xcconfig; name = "Pods-ArRobotCodeUITests.release.xcconfig"; path = "Pods/Target Support Files/Pods-ArRobotCodeUITests/Pods-ArRobotCodeUITests.release.xcconfig"; sourceTree = "<group>"; };
		B46A38F146B0693217A16C04 /* Pods_ArRobotCodeUITests.framework */ = {isa = PBXFileReference; explicitFileType = wrapper.framework; includeInIndex = 0; path = Pods_ArRobotCodeUITests.framework; sourceTree = BUILT_PRODUCTS_DIR; };
		BE9F63EFD1642FFBB03F16D6 /* Pods_ArRobotCodeTests.framework */ = {isa = PBXFileReference; explicitFileType = wrapper.framework; includeInIndex = 0; path = Pods_ArRobotCodeTests.framework; sourceTree = BUILT_PRODUCTS_DIR; };
		D3185F82219A0EC5002310C6 /* gui.js */ = {isa = PBXFileReference; fileEncoding = 4; lastKnownFileType = sourcecode.javascript; name = gui.js; path = "../../../Scratch/scratch-gui/build/gui.js"; sourceTree = "<group>"; };
		D3185F83219A0EC5002310C6 /* extension-worker.js.map */ = {isa = PBXFileReference; fileEncoding = 4; lastKnownFileType = "sourcecode.module-map"; name = "extension-worker.js.map"; path = "../../../Scratch/scratch-gui/build/extension-worker.js.map"; sourceTree = "<group>"; };
		D3185F84219A0EC5002310C6 /* blocksonly.js */ = {isa = PBXFileReference; fileEncoding = 4; lastKnownFileType = sourcecode.javascript; name = blocksonly.js; path = "../../../Scratch/scratch-gui/build/blocksonly.js"; sourceTree = "<group>"; };
		D3185F85219A0EC5002310C6 /* extension-worker.js */ = {isa = PBXFileReference; fileEncoding = 4; lastKnownFileType = sourcecode.javascript; name = "extension-worker.js"; path = "../../../Scratch/scratch-gui/build/extension-worker.js"; sourceTree = "<group>"; };
		D3185F86219A0EC5002310C6 /* blocksonly.js.map */ = {isa = PBXFileReference; fileEncoding = 4; lastKnownFileType = "sourcecode.module-map"; name = blocksonly.js.map; path = "../../../Scratch/scratch-gui/build/blocksonly.js.map"; sourceTree = "<group>"; };
		D3185F87219A0EC5002310C6 /* index.html */ = {isa = PBXFileReference; fileEncoding = 4; lastKnownFileType = text.html; name = index.html; path = "../../../Scratch/scratch-gui/build/index.html"; sourceTree = "<group>"; };
		D3185F88219A0EC5002310C6 /* gui.js.map */ = {isa = PBXFileReference; fileEncoding = 4; lastKnownFileType = "sourcecode.module-map"; name = gui.js.map; path = "../../../Scratch/scratch-gui/build/gui.js.map"; sourceTree = "<group>"; };
		D3185F89219A0EC5002310C6 /* player.html */ = {isa = PBXFileReference; fileEncoding = 4; lastKnownFileType = text.html; name = player.html; path = "../../../Scratch/scratch-gui/build/player.html"; sourceTree = "<group>"; };
		D3185F8A219A0EC5002310C6 /* player.js.map */ = {isa = PBXFileReference; fileEncoding = 4; lastKnownFileType = "sourcecode.module-map"; name = player.js.map; path = "../../../Scratch/scratch-gui/build/player.js.map"; sourceTree = "<group>"; };
		D3185F8B219A0EC5002310C6 /* static */ = {isa = PBXFileReference; lastKnownFileType = folder; name = static; path = "../../../Scratch/scratch-gui/build/static"; sourceTree = "<group>"; };
		D3185F8C219A0EC5002310C6 /* compatibilitytesting.js.map */ = {isa = PBXFileReference; fileEncoding = 4; lastKnownFileType = "sourcecode.module-map"; name = compatibilitytesting.js.map; path = "../../../Scratch/scratch-gui/build/compatibilitytesting.js.map"; sourceTree = "<group>"; };
		D3185F8D219A0EC5002310C6 /* compatibility-testing.html */ = {isa = PBXFileReference; fileEncoding = 4; lastKnownFileType = text.html; name = "compatibility-testing.html"; path = "../../../Scratch/scratch-gui/build/compatibility-testing.html"; sourceTree = "<group>"; };
		D3185F8E219A0EC5002310C6 /* blocks-only.html */ = {isa = PBXFileReference; fileEncoding = 4; lastKnownFileType = text.html; name = "blocks-only.html"; path = "../../../Scratch/scratch-gui/build/blocks-only.html"; sourceTree = "<group>"; };
		D3185F8F219A0EC5002310C6 /* compatibilitytesting.js */ = {isa = PBXFileReference; fileEncoding = 4; lastKnownFileType = sourcecode.javascript; name = compatibilitytesting.js; path = "../../../Scratch/scratch-gui/build/compatibilitytesting.js"; sourceTree = "<group>"; };
		D3185F90219A0EC5002310C6 /* lib.min.js.map */ = {isa = PBXFileReference; fileEncoding = 4; lastKnownFileType = "sourcecode.module-map"; name = lib.min.js.map; path = "../../../Scratch/scratch-gui/build/lib.min.js.map"; sourceTree = "<group>"; };
		D3185F91219A0EC5002310C6 /* lib.min.js */ = {isa = PBXFileReference; fileEncoding = 4; lastKnownFileType = sourcecode.javascript; name = lib.min.js; path = "../../../Scratch/scratch-gui/build/lib.min.js"; sourceTree = "<group>"; };
		D3185F92219A0EC5002310C6 /* player.js */ = {isa = PBXFileReference; fileEncoding = 4; lastKnownFileType = sourcecode.javascript; name = player.js; path = "../../../Scratch/scratch-gui/build/player.js"; sourceTree = "<group>"; };
		D31F16022179EF02006B37B4 /* SidePageViewController.swift */ = {isa = PBXFileReference; lastKnownFileType = sourcecode.swift; path = SidePageViewController.swift; sourceTree = "<group>"; };
		D31F1606217A3DB5006B37B4 /* Readme.rtf */ = {isa = PBXFileReference; lastKnownFileType = text.rtf; path = Readme.rtf; sourceTree = "<group>"; };
		D324C3F6219C09E700C78C4D /* GameUISplitViewController.swift */ = {isa = PBXFileReference; lastKnownFileType = sourcecode.swift; path = GameUISplitViewController.swift; sourceTree = "<group>"; };
		D324C401219C256500C78C4D /* Plane.swift */ = {isa = PBXFileReference; fileEncoding = 4; lastKnownFileType = sourcecode.swift; path = Plane.swift; sourceTree = "<group>"; };
		D35DC80A218DCA3B000B0FFC /* LevelsSplitViewController.swift */ = {isa = PBXFileReference; lastKnownFileType = sourcecode.swift; path = LevelsSplitViewController.swift; sourceTree = "<group>"; };
		D35DC80C218DE210000B0FFC /* LevelViewModel.swift */ = {isa = PBXFileReference; lastKnownFileType = sourcecode.swift; path = LevelViewModel.swift; sourceTree = "<group>"; };
		D368124321807CAA000458C1 /* PlayerHexa.swift */ = {isa = PBXFileReference; fileEncoding = 4; lastKnownFileType = sourcecode.swift; path = PlayerHexa.swift; sourceTree = "<group>"; };
		D368124421807CAA000458C1 /* PlayerInterface.swift */ = {isa = PBXFileReference; fileEncoding = 4; lastKnownFileType = sourcecode.swift; path = PlayerInterface.swift; sourceTree = "<group>"; };
		D36BF84021BD1E48009CAC68 /* FirebaseLevelsRepository.swift */ = {isa = PBXFileReference; lastKnownFileType = sourcecode.swift; path = FirebaseLevelsRepository.swift; sourceTree = "<group>"; };
		D388336C2189AEDD00D04589 /* APIRequest.swift */ = {isa = PBXFileReference; lastKnownFileType = sourcecode.swift; path = APIRequest.swift; sourceTree = "<group>"; };
		D388336E2189B0C000D04589 /* LevelsRequest.swift */ = {isa = PBXFileReference; lastKnownFileType = sourcecode.swift; path = LevelsRequest.swift; sourceTree = "<group>"; };
		D38833702189B0F000D04589 /* APIClient.swift */ = {isa = PBXFileReference; lastKnownFileType = sourcecode.swift; path = APIClient.swift; sourceTree = "<group>"; };
		D38833722189E21600D04589 /* APIResponse.swift */ = {isa = PBXFileReference; lastKnownFileType = sourcecode.swift; path = APIResponse.swift; sourceTree = "<group>"; };
		D38E754C21A4519100590B78 /* PlayerAR.swift */ = {isa = PBXFileReference; lastKnownFileType = sourcecode.swift; path = PlayerAR.swift; sourceTree = "<group>"; };
		D39A3E9021A6E66000FA00C5 /* EngineInterface.swift */ = {isa = PBXFileReference; lastKnownFileType = sourcecode.swift; path = EngineInterface.swift; sourceTree = "<group>"; };
		D39A3E9221A6E7E500FA00C5 /* EngineAR.swift */ = {isa = PBXFileReference; lastKnownFileType = sourcecode.swift; path = EngineAR.swift; sourceTree = "<group>"; };
		D3BA70EA21BA5CF100E0742C /* MainViewController.swift */ = {isa = PBXFileReference; lastKnownFileType = sourcecode.swift; path = MainViewController.swift; sourceTree = "<group>"; };
		D3BA70EC21BA639900E0742C /* GoogleService-Info.plist */ = {isa = PBXFileReference; fileEncoding = 4; lastKnownFileType = text.plist.xml; path = "GoogleService-Info.plist"; sourceTree = "<group>"; };
		D3BA70F221BA764800E0742C /* rocket.json */ = {isa = PBXFileReference; fileEncoding = 4; lastKnownFileType = text.json; path = rocket.json; sourceTree = "<group>"; };
		D3C55EDB218775130007BCC9 /* LevelsListViewModel.swift */ = {isa = PBXFileReference; lastKnownFileType = sourcecode.swift; path = LevelsListViewModel.swift; sourceTree = "<group>"; };
		D3C55EDD2187791A0007BCC9 /* LevelsListVController.swift */ = {isa = PBXFileReference; lastKnownFileType = sourcecode.swift; path = LevelsListVController.swift; sourceTree = "<group>"; };
		D3C55EDF21877A020007BCC9 /* LevelTableViewCell.swift */ = {isa = PBXFileReference; lastKnownFileType = sourcecode.swift; path = LevelTableViewCell.swift; sourceTree = "<group>"; };
		D3C55EE121883B8F0007BCC9 /* DataLevel.swift */ = {isa = PBXFileReference; lastKnownFileType = sourcecode.swift; path = DataLevel.swift; sourceTree = "<group>"; };
		D3C55EE42188531C0007BCC9 /* Repository.swift */ = {isa = PBXFileReference; lastKnownFileType = sourcecode.swift; path = Repository.swift; sourceTree = "<group>"; };
		D3E50F262178850C000270EE /* ArRobotCode.app */ = {isa = PBXFileReference; explicitFileType = wrapper.application; includeInIndex = 0; path = ArRobotCode.app; sourceTree = BUILT_PRODUCTS_DIR; };
		D3E50F292178850C000270EE /* AppDelegate.swift */ = {isa = PBXFileReference; lastKnownFileType = sourcecode.swift; path = AppDelegate.swift; sourceTree = "<group>"; };
		D3E50F2B2178850C000270EE /* art.scnassets */ = {isa = PBXFileReference; lastKnownFileType = wrapper.scnassets; path = art.scnassets; sourceTree = "<group>"; };
		D3E50F2D2178850C000270EE /* ARViewController.swift */ = {isa = PBXFileReference; lastKnownFileType = sourcecode.swift; path = ARViewController.swift; sourceTree = "<group>"; };
		D3E50F302178850C000270EE /* Base */ = {isa = PBXFileReference; lastKnownFileType = file.storyboard; name = Base; path = Base.lproj/Game.storyboard; sourceTree = "<group>"; };
		D3E50F322178850D000270EE /* Assets.xcassets */ = {isa = PBXFileReference; lastKnownFileType = folder.assetcatalog; path = Assets.xcassets; sourceTree = "<group>"; };
		D3E50F352178850D000270EE /* Base */ = {isa = PBXFileReference; lastKnownFileType = file.storyboard; name = Base; path = Base.lproj/Main.storyboard; sourceTree = "<group>"; };
		D3E50F372178850D000270EE /* Info.plist */ = {isa = PBXFileReference; lastKnownFileType = text.plist.xml; path = Info.plist; sourceTree = "<group>"; };
		D3E50F3C2178850D000270EE /* ArRobotCodeTests.xctest */ = {isa = PBXFileReference; explicitFileType = wrapper.cfbundle; includeInIndex = 0; path = ArRobotCodeTests.xctest; sourceTree = BUILT_PRODUCTS_DIR; };
		D3E50F402178850D000270EE /* ArRobotCodeTests.swift */ = {isa = PBXFileReference; lastKnownFileType = sourcecode.swift; path = ArRobotCodeTests.swift; sourceTree = "<group>"; };
		D3E50F422178850D000270EE /* Info.plist */ = {isa = PBXFileReference; lastKnownFileType = text.plist.xml; path = Info.plist; sourceTree = "<group>"; };
		D3E50F472178850D000270EE /* ArRobotCodeUITests.xctest */ = {isa = PBXFileReference; explicitFileType = wrapper.cfbundle; includeInIndex = 0; path = ArRobotCodeUITests.xctest; sourceTree = BUILT_PRODUCTS_DIR; };
		D3E50F4B2178850D000270EE /* ArRobotCodeUITests.swift */ = {isa = PBXFileReference; lastKnownFileType = sourcecode.swift; path = ArRobotCodeUITests.swift; sourceTree = "<group>"; };
		D3E50F4D2178850D000270EE /* Info.plist */ = {isa = PBXFileReference; lastKnownFileType = text.plist.xml; path = Info.plist; sourceTree = "<group>"; };
		D3E50F5921788FF2000270EE /* Tile.sks */ = {isa = PBXFileReference; lastKnownFileType = file.sks; path = Tile.sks; sourceTree = "<group>"; };
		D3F0ED05217DB57900054F87 /* InstructionsViewController.swift */ = {isa = PBXFileReference; lastKnownFileType = sourcecode.swift; path = InstructionsViewController.swift; sourceTree = "<group>"; };
		D3F0F71A219D9D0D0002788C /* plane_grid.png */ = {isa = PBXFileReference; lastKnownFileType = image.png; path = plane_grid.png; sourceTree = "<group>"; };
		D3F0F71D219D9F830002788C /* GameScene.swift */ = {isa = PBXFileReference; lastKnownFileType = sourcecode.swift; path = GameScene.swift; sourceTree = "<group>"; };
		D3F4BDBA13353D4679E0430E /* Pods-ArRobotCodeUITests.debug.xcconfig */ = {isa = PBXFileReference; includeInIndex = 1; lastKnownFileType = text.xcconfig; name = "Pods-ArRobotCodeUITests.debug.xcconfig"; path = "Pods/Target Support Files/Pods-ArRobotCodeUITests/Pods-ArRobotCodeUITests.debug.xcconfig"; sourceTree = "<group>"; };
		D3F7440B21830A2E0096958F /* LevelBuilderViewController.swift */ = {isa = PBXFileReference; lastKnownFileType = sourcecode.swift; path = LevelBuilderViewController.swift; sourceTree = "<group>"; };
		D3F7440D21830EA10096958F /* TileCell.swift */ = {isa = PBXFileReference; lastKnownFileType = sourcecode.swift; path = TileCell.swift; sourceTree = "<group>"; };
		D3F7440F218312600096958F /* DataTile.swift */ = {isa = PBXFileReference; lastKnownFileType = sourcecode.swift; path = DataTile.swift; sourceTree = "<group>"; };
		D3F888892187302500D7A080 /* Levels.storyboard */ = {isa = PBXFileReference; lastKnownFileType = file.storyboard; path = Levels.storyboard; sourceTree = "<group>"; };
		E1C3977C63C9ACA352E47E74 /* Pods-ArRobotCodeTests.release.xcconfig */ = {isa = PBXFileReference; includeInIndex = 1; lastKnownFileType = text.xcconfig; name = "Pods-ArRobotCodeTests.release.xcconfig"; path = "Pods/Target Support Files/Pods-ArRobotCodeTests/Pods-ArRobotCodeTests.release.xcconfig"; sourceTree = "<group>"; };
/* End PBXFileReference section */

/* Begin PBXFrameworksBuildPhase section */
		D3E50F232178850C000270EE /* Frameworks */ = {
			isa = PBXFrameworksBuildPhase;
			buildActionMask = 2147483647;
			files = (
				4D4C3F9F8909AE87EBF388AA /* Pods_ArRobotCode.framework in Frameworks */,
			);
			runOnlyForDeploymentPostprocessing = 0;
		};
		D3E50F392178850D000270EE /* Frameworks */ = {
			isa = PBXFrameworksBuildPhase;
			buildActionMask = 2147483647;
			files = (
				B9C5F2DAFD470FCB1BC0D63A /* Pods_ArRobotCodeTests.framework in Frameworks */,
			);
			runOnlyForDeploymentPostprocessing = 0;
		};
		D3E50F442178850D000270EE /* Frameworks */ = {
			isa = PBXFrameworksBuildPhase;
			buildActionMask = 2147483647;
			files = (
				E07EB761F78F427627962263 /* Pods_ArRobotCodeUITests.framework in Frameworks */,
			);
			runOnlyForDeploymentPostprocessing = 0;
		};
/* End PBXFrameworksBuildPhase section */

/* Begin PBXGroup section */
		209341CD932AED274161CFD3 /* Frameworks */ = {
			isa = PBXGroup;
			children = (
				95B98C4B152FA25D4771F780 /* Pods_ArRobotCode.framework */,
				BE9F63EFD1642FFBB03F16D6 /* Pods_ArRobotCodeTests.framework */,
				B46A38F146B0693217A16C04 /* Pods_ArRobotCodeUITests.framework */,
			);
			name = Frameworks;
			sourceTree = "<group>";
		};
		52018EBB6BB90BF19C27B8D6 /* Pods */ = {
			isa = PBXGroup;
			children = (
				5729B4A1A5B90872972A8065 /* Pods-ArRobotCode.debug.xcconfig */,
				878942C2666A802D3BE28F91 /* Pods-ArRobotCode.release.xcconfig */,
				2F1D1283B0281FC8CC1DF9C3 /* Pods-ArRobotCodeTests.debug.xcconfig */,
				E1C3977C63C9ACA352E47E74 /* Pods-ArRobotCodeTests.release.xcconfig */,
				D3F4BDBA13353D4679E0430E /* Pods-ArRobotCodeUITests.debug.xcconfig */,
				B262C8F5CBA09810F4EFEC74 /* Pods-ArRobotCodeUITests.release.xcconfig */,
			);
			name = Pods;
			sourceTree = "<group>";
		};
		D324C3F5219C09B200C78C4D /* Instructions */ = {
			isa = PBXGroup;
			children = (
				D3F0ED05217DB57900054F87 /* InstructionsViewController.swift */,
			);
			path = Instructions;
			sourceTree = "<group>";
		};
		D324C3F8219C0A3500C78C4D /* AR */ = {
			isa = PBXGroup;
			children = (
				D3F0F71C219D9F630002788C /* Scene */,
				D324C3FD219C254800C78C4D /* Objects */,
				D3E50F2D2178850C000270EE /* ARViewController.swift */,
			);
			path = AR;
			sourceTree = "<group>";
		};
		D324C3FD219C254800C78C4D /* Objects */ = {
			isa = PBXGroup;
			children = (
				D3F0F71A219D9D0D0002788C /* plane_grid.png */,
				D324C401219C256500C78C4D /* Plane.swift */,
			);
			name = Objects;
			path = "New Group";
			sourceTree = "<group>";
		};
		D368124221807CAA000458C1 /* Player */ = {
			isa = PBXGroup;
			children = (
				D368124321807CAA000458C1 /* PlayerHexa.swift */,
				D368124421807CAA000458C1 /* PlayerInterface.swift */,
				D38E754C21A4519100590B78 /* PlayerAR.swift */,
			);
			path = Player;
			sourceTree = "<group>";
		};
		D3682A4C21807D02000458C1 /* ScratchHTML */ = {
			isa = PBXGroup;
			children = (
				D3185F8E219A0EC5002310C6 /* blocks-only.html */,
				D3185F84219A0EC5002310C6 /* blocksonly.js */,
				D3185F86219A0EC5002310C6 /* blocksonly.js.map */,
				D3185F8D219A0EC5002310C6 /* compatibility-testing.html */,
				D3185F8F219A0EC5002310C6 /* compatibilitytesting.js */,
				D3185F8C219A0EC5002310C6 /* compatibilitytesting.js.map */,
				D3185F85219A0EC5002310C6 /* extension-worker.js */,
				D3185F83219A0EC5002310C6 /* extension-worker.js.map */,
				D3185F82219A0EC5002310C6 /* gui.js */,
				D3185F88219A0EC5002310C6 /* gui.js.map */,
				D3185F87219A0EC5002310C6 /* index.html */,
				D3185F91219A0EC5002310C6 /* lib.min.js */,
				D3185F90219A0EC5002310C6 /* lib.min.js.map */,
				D3185F89219A0EC5002310C6 /* player.html */,
				D3185F92219A0EC5002310C6 /* player.js */,
				D3185F8A219A0EC5002310C6 /* player.js.map */,
				D3185F8B219A0EC5002310C6 /* static */,
			);
			name = ScratchHTML;
			path = ArRobotCode/ScratchHTML;
			sourceTree = SOURCE_ROOT;
		};
		D388336B2189AECA00D04589 /* API */ = {
			isa = PBXGroup;
			children = (
				D388336C2189AEDD00D04589 /* APIRequest.swift */,
				D38833722189E21600D04589 /* APIResponse.swift */,
				D388336E2189B0C000D04589 /* LevelsRequest.swift */,
				D38833702189B0F000D04589 /* APIClient.swift */,
			);
			path = API;
			sourceTree = "<group>";
		};
		D39A3E8F21A6E62E00FA00C5 /* Engine */ = {
			isa = PBXGroup;
			children = (
				D39A3E9021A6E66000FA00C5 /* EngineInterface.swift */,
				D39A3E9221A6E7E500FA00C5 /* EngineAR.swift */,
			);
			path = Engine;
			sourceTree = "<group>";
		};
		D3C55EE3218853050007BCC9 /* Repository */ = {
			isa = PBXGroup;
			children = (
				D3C55EE42188531C0007BCC9 /* Repository.swift */,
				D36BF84021BD1E48009CAC68 /* FirebaseLevelsRepository.swift */,
			);
			path = Repository;
			sourceTree = "<group>";
		};
		D3E50F1D2178850C000270EE = {
			isa = PBXGroup;
			children = (
				D3E50F282178850C000270EE /* ArRobotCode */,
				D3E50F3F2178850D000270EE /* ArRobotCodeTests */,
				D3E50F4A2178850D000270EE /* ArRobotCodeUITests */,
				D3E50F272178850C000270EE /* Products */,
				52018EBB6BB90BF19C27B8D6 /* Pods */,
				209341CD932AED274161CFD3 /* Frameworks */,
			);
			sourceTree = "<group>";
		};
		D3E50F272178850C000270EE /* Products */ = {
			isa = PBXGroup;
			children = (
				D3E50F262178850C000270EE /* ArRobotCode.app */,
				D3E50F3C2178850D000270EE /* ArRobotCodeTests.xctest */,
				D3E50F472178850D000270EE /* ArRobotCodeUITests.xctest */,
			);
			name = Products;
			sourceTree = "<group>";
		};
		D3E50F282178850C000270EE /* ArRobotCode */ = {
			isa = PBXGroup;
			children = (
				D3BA70EC21BA639900E0742C /* GoogleService-Info.plist */,
				D388336B2189AECA00D04589 /* API */,
				D3C55EE3218853050007BCC9 /* Repository */,
				D3F74409218309760096958F /* Game */,
				D39A3E8F21A6E62E00FA00C5 /* Engine */,
				D368124221807CAA000458C1 /* Player */,
				D3F888862187261E00D7A080 /* Levels */,
				D3682A4C21807D02000458C1 /* ScratchHTML */,
				D3E50F292178850C000270EE /* AppDelegate.swift */,
				D3E50F2F2178850C000270EE /* Game.storyboard */,
				D3F888892187302500D7A080 /* Levels.storyboard */,
				D3E50F342178850D000270EE /* Main.storyboard */,
				D3BA70EA21BA5CF100E0742C /* MainViewController.swift */,
				D3E50F2B2178850C000270EE /* art.scnassets */,
				D3E50F322178850D000270EE /* Assets.xcassets */,
				D3E50F372178850D000270EE /* Info.plist */,
				D3E50F5921788FF2000270EE /* Tile.sks */,
				D3BA70F221BA764800E0742C /* rocket.json */,
				D31F1606217A3DB5006B37B4 /* Readme.rtf */,
			);
			path = ArRobotCode;
			sourceTree = "<group>";
		};
		D3E50F3F2178850D000270EE /* ArRobotCodeTests */ = {
			isa = PBXGroup;
			children = (
				D3E50F402178850D000270EE /* ArRobotCodeTests.swift */,
				D3E50F422178850D000270EE /* Info.plist */,
			);
			path = ArRobotCodeTests;
			sourceTree = "<group>";
		};
		D3E50F4A2178850D000270EE /* ArRobotCodeUITests */ = {
			isa = PBXGroup;
			children = (
				D3E50F4B2178850D000270EE /* ArRobotCodeUITests.swift */,
				D3E50F4D2178850D000270EE /* Info.plist */,
			);
			path = ArRobotCodeUITests;
			sourceTree = "<group>";
		};
		D3F0F71C219D9F630002788C /* Scene */ = {
			isa = PBXGroup;
			children = (
				D3F0F71D219D9F830002788C /* GameScene.swift */,
			);
			path = Scene;
			sourceTree = "<group>";
		};
		D3F74409218309760096958F /* Game */ = {
			isa = PBXGroup;
			children = (
				D324C3F5219C09B200C78C4D /* Instructions */,
				D324C3F8219C0A3500C78C4D /* AR */,
				D31F16022179EF02006B37B4 /* SidePageViewController.swift */,
				D324C3F6219C09E700C78C4D /* GameUISplitViewController.swift */,
			);
			path = Game;
			sourceTree = "<group>";
		};
		D3F7440A21830A0F0096958F /* LevelBuilder */ = {
			isa = PBXGroup;
			children = (
				D3F7440B21830A2E0096958F /* LevelBuilderViewController.swift */,
				D3F7440D21830EA10096958F /* TileCell.swift */,
				D35DC80C218DE210000B0FFC /* LevelViewModel.swift */,
			);
			path = LevelBuilder;
			sourceTree = "<group>";
		};
		D3F888852187256300D7A080 /* LevelsList */ = {
			isa = PBXGroup;
			children = (
				D3C55EDD2187791A0007BCC9 /* LevelsListVController.swift */,
				D3C55EDB218775130007BCC9 /* LevelsListViewModel.swift */,
				D3C55EDF21877A020007BCC9 /* LevelTableViewCell.swift */,
			);
			path = LevelsList;
			sourceTree = "<group>";
		};
		D3F888862187261E00D7A080 /* Levels */ = {
			isa = PBXGroup;
			children = (
				D35DC80A218DCA3B000B0FFC /* LevelsSplitViewController.swift */,
				D3F8888D218733E300D7A080 /* Entities */,
				D3F7440A21830A0F0096958F /* LevelBuilder */,
				D3F888852187256300D7A080 /* LevelsList */,
			);
			path = Levels;
			sourceTree = "<group>";
		};
		D3F8888D218733E300D7A080 /* Entities */ = {
			isa = PBXGroup;
			children = (
				D3F7440F218312600096958F /* DataTile.swift */,
				D3C55EE121883B8F0007BCC9 /* DataLevel.swift */,
			);
			path = Entities;
			sourceTree = "<group>";
		};
/* End PBXGroup section */

/* Begin PBXNativeTarget section */
		D3E50F252178850C000270EE /* ArRobotCode */ = {
			isa = PBXNativeTarget;
			buildConfigurationList = D3E50F502178850D000270EE /* Build configuration list for PBXNativeTarget "ArRobotCode" */;
			buildPhases = (
				5D7BF3E225560CBBE5F43FD0 /* [CP] Check Pods Manifest.lock */,
				D3E50F222178850C000270EE /* Sources */,
				D3E50F232178850C000270EE /* Frameworks */,
				D3E50F242178850C000270EE /* Resources */,
				F9FC29601A6B0917A00C6F90 /* [CP] Embed Pods Frameworks */,
				45189CDFBADFA64F989A17C4 /* [CP] Copy Pods Resources */,
			);
			buildRules = (
			);
			dependencies = (
			);
			name = ArRobotCode;
			productName = ArRobotCode;
			productReference = D3E50F262178850C000270EE /* ArRobotCode.app */;
			productType = "com.apple.product-type.application";
		};
		D3E50F3B2178850D000270EE /* ArRobotCodeTests */ = {
			isa = PBXNativeTarget;
			buildConfigurationList = D3E50F532178850D000270EE /* Build configuration list for PBXNativeTarget "ArRobotCodeTests" */;
			buildPhases = (
				7D9D1406ECE6A7A27894F9D9 /* [CP] Check Pods Manifest.lock */,
				D3E50F382178850D000270EE /* Sources */,
				D3E50F392178850D000270EE /* Frameworks */,
				D3E50F3A2178850D000270EE /* Resources */,
			);
			buildRules = (
			);
			dependencies = (
				D3E50F3E2178850D000270EE /* PBXTargetDependency */,
			);
			name = ArRobotCodeTests;
			productName = ArRobotCodeTests;
			productReference = D3E50F3C2178850D000270EE /* ArRobotCodeTests.xctest */;
			productType = "com.apple.product-type.bundle.unit-test";
		};
		D3E50F462178850D000270EE /* ArRobotCodeUITests */ = {
			isa = PBXNativeTarget;
			buildConfigurationList = D3E50F562178850D000270EE /* Build configuration list for PBXNativeTarget "ArRobotCodeUITests" */;
			buildPhases = (
				61F99CF0314F92720B9D5B14 /* [CP] Check Pods Manifest.lock */,
				D3E50F432178850D000270EE /* Sources */,
				D3E50F442178850D000270EE /* Frameworks */,
				D3E50F452178850D000270EE /* Resources */,
			);
			buildRules = (
			);
			dependencies = (
				D3E50F492178850D000270EE /* PBXTargetDependency */,
			);
			name = ArRobotCodeUITests;
			productName = ArRobotCodeUITests;
			productReference = D3E50F472178850D000270EE /* ArRobotCodeUITests.xctest */;
			productType = "com.apple.product-type.bundle.ui-testing";
		};
/* End PBXNativeTarget section */

/* Begin PBXProject section */
		D3E50F1E2178850C000270EE /* Project object */ = {
			isa = PBXProject;
			attributes = {
				LastSwiftUpdateCheck = 1000;
				LastUpgradeCheck = 1000;
				ORGANIZATIONNAME = "Sorin Sebastian Mircea";
				TargetAttributes = {
					D3E50F252178850C000270EE = {
						CreatedOnToolsVersion = 10.0;
					};
					D3E50F3B2178850D000270EE = {
						CreatedOnToolsVersion = 10.0;
						TestTargetID = D3E50F252178850C000270EE;
					};
					D3E50F462178850D000270EE = {
						CreatedOnToolsVersion = 10.0;
						TestTargetID = D3E50F252178850C000270EE;
					};
				};
			};
			buildConfigurationList = D3E50F212178850C000270EE /* Build configuration list for PBXProject "ArRobotCode" */;
			compatibilityVersion = "Xcode 9.3";
			developmentRegion = en;
			hasScannedForEncodings = 0;
			knownRegions = (
				en,
				Base,
			);
			mainGroup = D3E50F1D2178850C000270EE;
			productRefGroup = D3E50F272178850C000270EE /* Products */;
			projectDirPath = "";
			projectRoot = "";
			targets = (
				D3E50F252178850C000270EE /* ArRobotCode */,
				D3E50F3B2178850D000270EE /* ArRobotCodeTests */,
				D3E50F462178850D000270EE /* ArRobotCodeUITests */,
			);
		};
/* End PBXProject section */

/* Begin PBXResourcesBuildPhase section */
		D3E50F242178850C000270EE /* Resources */ = {
			isa = PBXResourcesBuildPhase;
			buildActionMask = 2147483647;
			files = (
				D3185F99219A0EC6002310C6 /* compatibility-testing.html in Resources */,
				D3F0F71B219D9D0D0002788C /* plane_grid.png in Resources */,
				D3185F98219A0EC6002310C6 /* static in Resources */,
				D31F1607217A3DB5006B37B4 /* Readme.rtf in Resources */,
				D3185F96219A0EC5002310C6 /* index.html in Resources */,
				D3185F9C219A0EC6002310C6 /* lib.min.js in Resources */,
				D3185F9D219A0EC6002310C6 /* player.js in Resources */,
				D3E50F2C2178850C000270EE /* art.scnassets in Resources */,
				D3185F97219A0EC6002310C6 /* player.html in Resources */,
				D3185F95219A0EC5002310C6 /* extension-worker.js in Resources */,
				D3E50F362178850D000270EE /* Main.storyboard in Resources */,
				D3E50F332178850D000270EE /* Assets.xcassets in Resources */,
				D3F8888A2187302500D7A080 /* Levels.storyboard in Resources */,
				D3185F9B219A0EC6002310C6 /* compatibilitytesting.js in Resources */,
				D3E50F5A21788FF2000270EE /* Tile.sks in Resources */,
				D3185F9A219A0EC6002310C6 /* blocks-only.html in Resources */,
				D3185F93219A0EC5002310C6 /* gui.js in Resources */,
				D3BA70F321BA764800E0742C /* rocket.json in Resources */,
				D3BA70ED21BA639900E0742C /* GoogleService-Info.plist in Resources */,
				D3185F94219A0EC5002310C6 /* blocksonly.js in Resources */,
				D3E50F312178850C000270EE /* Game.storyboard in Resources */,
			);
			runOnlyForDeploymentPostprocessing = 0;
		};
		D3E50F3A2178850D000270EE /* Resources */ = {
			isa = PBXResourcesBuildPhase;
			buildActionMask = 2147483647;
			files = (
				D3BA70EE21BA639900E0742C /* GoogleService-Info.plist in Resources */,
			);
			runOnlyForDeploymentPostprocessing = 0;
		};
		D3E50F452178850D000270EE /* Resources */ = {
			isa = PBXResourcesBuildPhase;
			buildActionMask = 2147483647;
			files = (
				D3BA70EF21BA639900E0742C /* GoogleService-Info.plist in Resources */,
			);
			runOnlyForDeploymentPostprocessing = 0;
		};
/* End PBXResourcesBuildPhase section */

/* Begin PBXShellScriptBuildPhase section */
		45189CDFBADFA64F989A17C4 /* [CP] Copy Pods Resources */ = {
			isa = PBXShellScriptBuildPhase;
			buildActionMask = 2147483647;
			files = (
			);
			inputFileListPaths = (
			);
			inputPaths = (
				"${SRCROOT}/Pods/Target Support Files/Pods-ArRobotCode/Pods-ArRobotCode-resources.sh",
				"${PODS_ROOT}/GoogleSignIn/Resources/GoogleSignIn.bundle",
			);
			name = "[CP] Copy Pods Resources";
			outputFileListPaths = (
			);
			outputPaths = (
				"${TARGET_BUILD_DIR}/${UNLOCALIZED_RESOURCES_FOLDER_PATH}/GoogleSignIn.bundle",
			);
			runOnlyForDeploymentPostprocessing = 0;
			shellPath = /bin/sh;
			shellScript = "\"${SRCROOT}/Pods/Target Support Files/Pods-ArRobotCode/Pods-ArRobotCode-resources.sh\"\n";
			showEnvVarsInLog = 0;
		};
		5D7BF3E225560CBBE5F43FD0 /* [CP] Check Pods Manifest.lock */ = {
			isa = PBXShellScriptBuildPhase;
			buildActionMask = 2147483647;
			files = (
			);
			inputFileListPaths = (
			);
			inputPaths = (
				"${PODS_PODFILE_DIR_PATH}/Podfile.lock",
				"${PODS_ROOT}/Manifest.lock",
			);
			name = "[CP] Check Pods Manifest.lock";
			outputFileListPaths = (
			);
			outputPaths = (
				"$(DERIVED_FILE_DIR)/Pods-ArRobotCode-checkManifestLockResult.txt",
			);
			runOnlyForDeploymentPostprocessing = 0;
			shellPath = /bin/sh;
			shellScript = "diff \"${PODS_PODFILE_DIR_PATH}/Podfile.lock\" \"${PODS_ROOT}/Manifest.lock\" > /dev/null\nif [ $? != 0 ] ; then\n    # print error to STDERR\n    echo \"error: The sandbox is not in sync with the Podfile.lock. Run 'pod install' or update your CocoaPods installation.\" >&2\n    exit 1\nfi\n# This output is used by Xcode 'outputs' to avoid re-running this script phase.\necho \"SUCCESS\" > \"${SCRIPT_OUTPUT_FILE_0}\"\n";
			showEnvVarsInLog = 0;
		};
		61F99CF0314F92720B9D5B14 /* [CP] Check Pods Manifest.lock */ = {
			isa = PBXShellScriptBuildPhase;
			buildActionMask = 2147483647;
			files = (
			);
			inputFileListPaths = (
			);
			inputPaths = (
				"${PODS_PODFILE_DIR_PATH}/Podfile.lock",
				"${PODS_ROOT}/Manifest.lock",
			);
			name = "[CP] Check Pods Manifest.lock";
			outputFileListPaths = (
			);
			outputPaths = (
				"$(DERIVED_FILE_DIR)/Pods-ArRobotCodeUITests-checkManifestLockResult.txt",
			);
			runOnlyForDeploymentPostprocessing = 0;
			shellPath = /bin/sh;
			shellScript = "diff \"${PODS_PODFILE_DIR_PATH}/Podfile.lock\" \"${PODS_ROOT}/Manifest.lock\" > /dev/null\nif [ $? != 0 ] ; then\n    # print error to STDERR\n    echo \"error: The sandbox is not in sync with the Podfile.lock. Run 'pod install' or update your CocoaPods installation.\" >&2\n    exit 1\nfi\n# This output is used by Xcode 'outputs' to avoid re-running this script phase.\necho \"SUCCESS\" > \"${SCRIPT_OUTPUT_FILE_0}\"\n";
			showEnvVarsInLog = 0;
		};
		7D9D1406ECE6A7A27894F9D9 /* [CP] Check Pods Manifest.lock */ = {
			isa = PBXShellScriptBuildPhase;
			buildActionMask = 2147483647;
			files = (
			);
			inputFileListPaths = (
			);
			inputPaths = (
				"${PODS_PODFILE_DIR_PATH}/Podfile.lock",
				"${PODS_ROOT}/Manifest.lock",
			);
			name = "[CP] Check Pods Manifest.lock";
			outputFileListPaths = (
			);
			outputPaths = (
				"$(DERIVED_FILE_DIR)/Pods-ArRobotCodeTests-checkManifestLockResult.txt",
			);
			runOnlyForDeploymentPostprocessing = 0;
			shellPath = /bin/sh;
			shellScript = "diff \"${PODS_PODFILE_DIR_PATH}/Podfile.lock\" \"${PODS_ROOT}/Manifest.lock\" > /dev/null\nif [ $? != 0 ] ; then\n    # print error to STDERR\n    echo \"error: The sandbox is not in sync with the Podfile.lock. Run 'pod install' or update your CocoaPods installation.\" >&2\n    exit 1\nfi\n# This output is used by Xcode 'outputs' to avoid re-running this script phase.\necho \"SUCCESS\" > \"${SCRIPT_OUTPUT_FILE_0}\"\n";
			showEnvVarsInLog = 0;
		};
		F9FC29601A6B0917A00C6F90 /* [CP] Embed Pods Frameworks */ = {
			isa = PBXShellScriptBuildPhase;
			buildActionMask = 2147483647;
			files = (
			);
			inputFileListPaths = (
			);
			inputPaths = (
				"${SRCROOT}/Pods/Target Support Files/Pods-ArRobotCode/Pods-ArRobotCode-frameworks.sh",
				"${BUILT_PRODUCTS_DIR}/Alamofire/Alamofire.framework",
				"${BUILT_PRODUCTS_DIR}/BoringSSL/openssl.framework",
				"${BUILT_PRODUCTS_DIR}/DynamicBlurView/DynamicBlurView.framework",
				"${BUILT_PRODUCTS_DIR}/GTMOAuth2/GTMOAuth2.framework",
				"${BUILT_PRODUCTS_DIR}/GTMSessionFetcher/GTMSessionFetcher.framework",
				"${BUILT_PRODUCTS_DIR}/GoogleToolboxForMac/GoogleToolboxForMac.framework",
				"${BUILT_PRODUCTS_DIR}/GoogleUtilities/GoogleUtilities.framework",
				"${BUILT_PRODUCTS_DIR}/ObservableArray-RxSwift/ObservableArray_RxSwift.framework",
				"${BUILT_PRODUCTS_DIR}/PopupDialog/PopupDialog.framework",
				"${BUILT_PRODUCTS_DIR}/Protobuf/Protobuf.framework",
				"${BUILT_PRODUCTS_DIR}/Realm/Realm.framework",
				"${BUILT_PRODUCTS_DIR}/RealmSwift/RealmSwift.framework",
				"${BUILT_PRODUCTS_DIR}/RxCocoa/RxCocoa.framework",
				"${BUILT_PRODUCTS_DIR}/RxGesture/RxGesture.framework",
				"${BUILT_PRODUCTS_DIR}/RxSwift/RxSwift.framework",
				"${BUILT_PRODUCTS_DIR}/gRPC/GRPCClient.framework",
				"${BUILT_PRODUCTS_DIR}/gRPC-C++/grpcpp.framework",
				"${BUILT_PRODUCTS_DIR}/gRPC-Core/grpc.framework",
				"${BUILT_PRODUCTS_DIR}/gRPC-ProtoRPC/ProtoRPC.framework",
				"${BUILT_PRODUCTS_DIR}/gRPC-RxLibrary/RxLibrary.framework",
				"${BUILT_PRODUCTS_DIR}/leveldb-library/leveldb.framework",
				"${BUILT_PRODUCTS_DIR}/lottie-ios/Lottie.framework",
				"${BUILT_PRODUCTS_DIR}/nanopb/nanopb.framework",
			);
			name = "[CP] Embed Pods Frameworks";
			outputFileListPaths = (
			);
			outputPaths = (
				"${TARGET_BUILD_DIR}/${FRAMEWORKS_FOLDER_PATH}/Alamofire.framework",
				"${TARGET_BUILD_DIR}/${FRAMEWORKS_FOLDER_PATH}/openssl.framework",
				"${TARGET_BUILD_DIR}/${FRAMEWORKS_FOLDER_PATH}/DynamicBlurView.framework",
				"${TARGET_BUILD_DIR}/${FRAMEWORKS_FOLDER_PATH}/GTMOAuth2.framework",
				"${TARGET_BUILD_DIR}/${FRAMEWORKS_FOLDER_PATH}/GTMSessionFetcher.framework",
				"${TARGET_BUILD_DIR}/${FRAMEWORKS_FOLDER_PATH}/GoogleToolboxForMac.framework",
				"${TARGET_BUILD_DIR}/${FRAMEWORKS_FOLDER_PATH}/GoogleUtilities.framework",
				"${TARGET_BUILD_DIR}/${FRAMEWORKS_FOLDER_PATH}/ObservableArray_RxSwift.framework",
				"${TARGET_BUILD_DIR}/${FRAMEWORKS_FOLDER_PATH}/PopupDialog.framework",
				"${TARGET_BUILD_DIR}/${FRAMEWORKS_FOLDER_PATH}/Protobuf.framework",
				"${TARGET_BUILD_DIR}/${FRAMEWORKS_FOLDER_PATH}/Realm.framework",
				"${TARGET_BUILD_DIR}/${FRAMEWORKS_FOLDER_PATH}/RealmSwift.framework",
				"${TARGET_BUILD_DIR}/${FRAMEWORKS_FOLDER_PATH}/RxCocoa.framework",
				"${TARGET_BUILD_DIR}/${FRAMEWORKS_FOLDER_PATH}/RxGesture.framework",
				"${TARGET_BUILD_DIR}/${FRAMEWORKS_FOLDER_PATH}/RxSwift.framework",
				"${TARGET_BUILD_DIR}/${FRAMEWORKS_FOLDER_PATH}/GRPCClient.framework",
				"${TARGET_BUILD_DIR}/${FRAMEWORKS_FOLDER_PATH}/grpcpp.framework",
				"${TARGET_BUILD_DIR}/${FRAMEWORKS_FOLDER_PATH}/grpc.framework",
				"${TARGET_BUILD_DIR}/${FRAMEWORKS_FOLDER_PATH}/ProtoRPC.framework",
				"${TARGET_BUILD_DIR}/${FRAMEWORKS_FOLDER_PATH}/RxLibrary.framework",
				"${TARGET_BUILD_DIR}/${FRAMEWORKS_FOLDER_PATH}/leveldb.framework",
				"${TARGET_BUILD_DIR}/${FRAMEWORKS_FOLDER_PATH}/Lottie.framework",
				"${TARGET_BUILD_DIR}/${FRAMEWORKS_FOLDER_PATH}/nanopb.framework",
			);
			runOnlyForDeploymentPostprocessing = 0;
			shellPath = /bin/sh;
			shellScript = "\"${SRCROOT}/Pods/Target Support Files/Pods-ArRobotCode/Pods-ArRobotCode-frameworks.sh\"\n";
			showEnvVarsInLog = 0;
		};
/* End PBXShellScriptBuildPhase section */

/* Begin PBXSourcesBuildPhase section */
		D3E50F222178850C000270EE /* Sources */ = {
			isa = PBXSourcesBuildPhase;
			buildActionMask = 2147483647;
			files = (
				D3E50F2E2178850C000270EE /* ARViewController.swift in Sources */,
				D35DC80B218DCA3B000B0FFC /* LevelsSplitViewController.swift in Sources */,
				D3C55EE52188531C0007BCC9 /* Repository.swift in Sources */,
				D35DC80D218DE210000B0FFC /* LevelViewModel.swift in Sources */,
				D388336F2189B0C000D04589 /* LevelsRequest.swift in Sources */,
				D39A3E9121A6E66000FA00C5 /* EngineInterface.swift in Sources */,
				D324C3F7219C09E700C78C4D /* GameUISplitViewController.swift in Sources */,
				D3F0F71E219D9F830002788C /* GameScene.swift in Sources */,
				D38833732189E21600D04589 /* APIResponse.swift in Sources */,
				D3E50F2A2178850C000270EE /* AppDelegate.swift in Sources */,
				D31F16032179EF02006B37B4 /* SidePageViewController.swift in Sources */,
				D3BA70EB21BA5CF100E0742C /* MainViewController.swift in Sources */,
				D388336D2189AEDD00D04589 /* APIRequest.swift in Sources */,
				D38833712189B0F000D04589 /* APIClient.swift in Sources */,
				D38E754D21A4519100590B78 /* PlayerAR.swift in Sources */,
				D3C55EDE2187791A0007BCC9 /* LevelsListVController.swift in Sources */,
				D39A3E9321A6E7E500FA00C5 /* EngineAR.swift in Sources */,
				D3F0ED06217DB57900054F87 /* InstructionsViewController.swift in Sources */,
				D368124521807CAA000458C1 /* PlayerHexa.swift in Sources */,
				D3F7440C21830A2E0096958F /* LevelBuilderViewController.swift in Sources */,
				D3F74410218312600096958F /* DataTile.swift in Sources */,
				D3C55EDC218775130007BCC9 /* LevelsListViewModel.swift in Sources */,
				D3C55EE221883B8F0007BCC9 /* DataLevel.swift in Sources */,
				D3F7440E21830EA10096958F /* TileCell.swift in Sources */,
				D368124621807CAA000458C1 /* PlayerInterface.swift in Sources */,
				D324C403219C256600C78C4D /* Plane.swift in Sources */,
				D3C55EE021877A020007BCC9 /* LevelTableViewCell.swift in Sources */,
				D36BF84121BD1E48009CAC68 /* FirebaseLevelsRepository.swift in Sources */,
			);
			runOnlyForDeploymentPostprocessing = 0;
		};
		D3E50F382178850D000270EE /* Sources */ = {
			isa = PBXSourcesBuildPhase;
			buildActionMask = 2147483647;
			files = (
				D3E50F412178850D000270EE /* ArRobotCodeTests.swift in Sources */,
			);
			runOnlyForDeploymentPostprocessing = 0;
		};
		D3E50F432178850D000270EE /* Sources */ = {
			isa = PBXSourcesBuildPhase;
			buildActionMask = 2147483647;
			files = (
				D3E50F4C2178850D000270EE /* ArRobotCodeUITests.swift in Sources */,
			);
			runOnlyForDeploymentPostprocessing = 0;
		};
/* End PBXSourcesBuildPhase section */

/* Begin PBXTargetDependency section */
		D3E50F3E2178850D000270EE /* PBXTargetDependency */ = {
			isa = PBXTargetDependency;
			target = D3E50F252178850C000270EE /* ArRobotCode */;
			targetProxy = D3E50F3D2178850D000270EE /* PBXContainerItemProxy */;
		};
		D3E50F492178850D000270EE /* PBXTargetDependency */ = {
			isa = PBXTargetDependency;
			target = D3E50F252178850C000270EE /* ArRobotCode */;
			targetProxy = D3E50F482178850D000270EE /* PBXContainerItemProxy */;
		};
/* End PBXTargetDependency section */

/* Begin PBXVariantGroup section */
		D3E50F2F2178850C000270EE /* Game.storyboard */ = {
			isa = PBXVariantGroup;
			children = (
				D3E50F302178850C000270EE /* Base */,
			);
			name = Game.storyboard;
			sourceTree = "<group>";
		};
		D3E50F342178850D000270EE /* Main.storyboard */ = {
			isa = PBXVariantGroup;
			children = (
				D3E50F352178850D000270EE /* Base */,
			);
			name = Main.storyboard;
			sourceTree = "<group>";
		};
/* End PBXVariantGroup section */

/* Begin XCBuildConfiguration section */
		D3E50F4E2178850D000270EE /* Debug */ = {
			isa = XCBuildConfiguration;
			buildSettings = {
				ALWAYS_SEARCH_USER_PATHS = NO;
				CLANG_ANALYZER_NONNULL = YES;
				CLANG_ANALYZER_NUMBER_OBJECT_CONVERSION = YES_AGGRESSIVE;
				CLANG_CXX_LANGUAGE_STANDARD = "gnu++14";
				CLANG_CXX_LIBRARY = "libc++";
				CLANG_ENABLE_MODULES = YES;
				CLANG_ENABLE_OBJC_ARC = YES;
				CLANG_ENABLE_OBJC_WEAK = YES;
				CLANG_WARN_BLOCK_CAPTURE_AUTORELEASING = YES;
				CLANG_WARN_BOOL_CONVERSION = YES;
				CLANG_WARN_COMMA = YES;
				CLANG_WARN_CONSTANT_CONVERSION = YES;
				CLANG_WARN_DEPRECATED_OBJC_IMPLEMENTATIONS = YES;
				CLANG_WARN_DIRECT_OBJC_ISA_USAGE = YES_ERROR;
				CLANG_WARN_DOCUMENTATION_COMMENTS = YES;
				CLANG_WARN_EMPTY_BODY = YES;
				CLANG_WARN_ENUM_CONVERSION = YES;
				CLANG_WARN_INFINITE_RECURSION = YES;
				CLANG_WARN_INT_CONVERSION = YES;
				CLANG_WARN_NON_LITERAL_NULL_CONVERSION = YES;
				CLANG_WARN_OBJC_IMPLICIT_RETAIN_SELF = YES;
				CLANG_WARN_OBJC_LITERAL_CONVERSION = YES;
				CLANG_WARN_OBJC_ROOT_CLASS = YES_ERROR;
				CLANG_WARN_RANGE_LOOP_ANALYSIS = YES;
				CLANG_WARN_STRICT_PROTOTYPES = YES;
				CLANG_WARN_SUSPICIOUS_MOVE = YES;
				CLANG_WARN_UNGUARDED_AVAILABILITY = YES_AGGRESSIVE;
				CLANG_WARN_UNREACHABLE_CODE = YES;
				CLANG_WARN__DUPLICATE_METHOD_MATCH = YES;
				CODE_SIGN_IDENTITY = "iPhone Developer";
				COPY_PHASE_STRIP = NO;
				DEBUG_INFORMATION_FORMAT = dwarf;
				ENABLE_STRICT_OBJC_MSGSEND = YES;
				ENABLE_TESTABILITY = YES;
				GCC_C_LANGUAGE_STANDARD = gnu11;
				GCC_DYNAMIC_NO_PIC = NO;
				GCC_NO_COMMON_BLOCKS = YES;
				GCC_OPTIMIZATION_LEVEL = 0;
				GCC_PREPROCESSOR_DEFINITIONS = (
					"DEBUG=1",
					"$(inherited)",
				);
				GCC_WARN_64_TO_32_BIT_CONVERSION = YES;
				GCC_WARN_ABOUT_RETURN_TYPE = YES_ERROR;
				GCC_WARN_UNDECLARED_SELECTOR = YES;
				GCC_WARN_UNINITIALIZED_AUTOS = YES_AGGRESSIVE;
				GCC_WARN_UNUSED_FUNCTION = YES;
				GCC_WARN_UNUSED_VARIABLE = YES;
				IPHONEOS_DEPLOYMENT_TARGET = 12.0;
				MTL_ENABLE_DEBUG_INFO = INCLUDE_SOURCE;
				MTL_FAST_MATH = YES;
				ONLY_ACTIVE_ARCH = YES;
				SDKROOT = iphoneos;
				SWIFT_ACTIVE_COMPILATION_CONDITIONS = DEBUG;
				SWIFT_OPTIMIZATION_LEVEL = "-Onone";
			};
			name = Debug;
		};
		D3E50F4F2178850D000270EE /* Release */ = {
			isa = XCBuildConfiguration;
			buildSettings = {
				ALWAYS_SEARCH_USER_PATHS = NO;
				CLANG_ANALYZER_NONNULL = YES;
				CLANG_ANALYZER_NUMBER_OBJECT_CONVERSION = YES_AGGRESSIVE;
				CLANG_CXX_LANGUAGE_STANDARD = "gnu++14";
				CLANG_CXX_LIBRARY = "libc++";
				CLANG_ENABLE_MODULES = YES;
				CLANG_ENABLE_OBJC_ARC = YES;
				CLANG_ENABLE_OBJC_WEAK = YES;
				CLANG_WARN_BLOCK_CAPTURE_AUTORELEASING = YES;
				CLANG_WARN_BOOL_CONVERSION = YES;
				CLANG_WARN_COMMA = YES;
				CLANG_WARN_CONSTANT_CONVERSION = YES;
				CLANG_WARN_DEPRECATED_OBJC_IMPLEMENTATIONS = YES;
				CLANG_WARN_DIRECT_OBJC_ISA_USAGE = YES_ERROR;
				CLANG_WARN_DOCUMENTATION_COMMENTS = YES;
				CLANG_WARN_EMPTY_BODY = YES;
				CLANG_WARN_ENUM_CONVERSION = YES;
				CLANG_WARN_INFINITE_RECURSION = YES;
				CLANG_WARN_INT_CONVERSION = YES;
				CLANG_WARN_NON_LITERAL_NULL_CONVERSION = YES;
				CLANG_WARN_OBJC_IMPLICIT_RETAIN_SELF = YES;
				CLANG_WARN_OBJC_LITERAL_CONVERSION = YES;
				CLANG_WARN_OBJC_ROOT_CLASS = YES_ERROR;
				CLANG_WARN_RANGE_LOOP_ANALYSIS = YES;
				CLANG_WARN_STRICT_PROTOTYPES = YES;
				CLANG_WARN_SUSPICIOUS_MOVE = YES;
				CLANG_WARN_UNGUARDED_AVAILABILITY = YES_AGGRESSIVE;
				CLANG_WARN_UNREACHABLE_CODE = YES;
				CLANG_WARN__DUPLICATE_METHOD_MATCH = YES;
				CODE_SIGN_IDENTITY = "iPhone Developer";
				COPY_PHASE_STRIP = NO;
				DEBUG_INFORMATION_FORMAT = "dwarf-with-dsym";
				ENABLE_NS_ASSERTIONS = NO;
				ENABLE_STRICT_OBJC_MSGSEND = YES;
				GCC_C_LANGUAGE_STANDARD = gnu11;
				GCC_NO_COMMON_BLOCKS = YES;
				GCC_WARN_64_TO_32_BIT_CONVERSION = YES;
				GCC_WARN_ABOUT_RETURN_TYPE = YES_ERROR;
				GCC_WARN_UNDECLARED_SELECTOR = YES;
				GCC_WARN_UNINITIALIZED_AUTOS = YES_AGGRESSIVE;
				GCC_WARN_UNUSED_FUNCTION = YES;
				GCC_WARN_UNUSED_VARIABLE = YES;
				IPHONEOS_DEPLOYMENT_TARGET = 12.0;
				MTL_ENABLE_DEBUG_INFO = NO;
				MTL_FAST_MATH = YES;
				SDKROOT = iphoneos;
				SWIFT_COMPILATION_MODE = wholemodule;
				SWIFT_OPTIMIZATION_LEVEL = "-O";
				VALIDATE_PRODUCT = YES;
			};
			name = Release;
		};
		D3E50F512178850D000270EE /* Debug */ = {
			isa = XCBuildConfiguration;
			baseConfigurationReference = 5729B4A1A5B90872972A8065 /* Pods-ArRobotCode.debug.xcconfig */;
			buildSettings = {
				ASSETCATALOG_COMPILER_APPICON_NAME = AppIcon;
				CODE_SIGN_STYLE = Automatic;
				DEVELOPMENT_TEAM = 384934A544;
				INFOPLIST_FILE = ArRobotCode/Info.plist;
				LD_RUNPATH_SEARCH_PATHS = (
					"$(inherited)",
					"@executable_path/Frameworks",
				);
				PRODUCT_BUNDLE_IDENTIFIER = mircea.sorin.sebastian.ArRobotCode;
				PRODUCT_NAME = "$(TARGET_NAME)";
				SWIFT_VERSION = 4.2;
				TARGETED_DEVICE_FAMILY = "1,2";
			};
			name = Debug;
		};
		D3E50F522178850D000270EE /* Release */ = {
			isa = XCBuildConfiguration;
			baseConfigurationReference = 878942C2666A802D3BE28F91 /* Pods-ArRobotCode.release.xcconfig */;
			buildSettings = {
				ASSETCATALOG_COMPILER_APPICON_NAME = AppIcon;
				CODE_SIGN_STYLE = Automatic;
				DEVELOPMENT_TEAM = 384934A544;
				INFOPLIST_FILE = ArRobotCode/Info.plist;
				LD_RUNPATH_SEARCH_PATHS = (
					"$(inherited)",
					"@executable_path/Frameworks",
				);
				PRODUCT_BUNDLE_IDENTIFIER = mircea.sorin.sebastian.ArRobotCode;
				PRODUCT_NAME = "$(TARGET_NAME)";
				SWIFT_VERSION = 4.2;
				TARGETED_DEVICE_FAMILY = "1,2";
			};
			name = Release;
		};
		D3E50F542178850D000270EE /* Debug */ = {
			isa = XCBuildConfiguration;
			baseConfigurationReference = 2F1D1283B0281FC8CC1DF9C3 /* Pods-ArRobotCodeTests.debug.xcconfig */;
			buildSettings = {
				ALWAYS_EMBED_SWIFT_STANDARD_LIBRARIES = YES;
				BUNDLE_LOADER = "$(TEST_HOST)";
				CODE_SIGN_STYLE = Automatic;
				DEVELOPMENT_TEAM = 384934A544;
				INFOPLIST_FILE = ArRobotCodeTests/Info.plist;
				LD_RUNPATH_SEARCH_PATHS = (
					"$(inherited)",
					"@executable_path/Frameworks",
					"@loader_path/Frameworks",
				);
				PRODUCT_BUNDLE_IDENTIFIER = mircea.sorin.sebastian.ArRobotCodeTests;
				PRODUCT_NAME = "$(TARGET_NAME)";
				SWIFT_VERSION = 4.2;
				TARGETED_DEVICE_FAMILY = "1,2";
				TEST_HOST = "$(BUILT_PRODUCTS_DIR)/ArRobotCode.app/ArRobotCode";
			};
			name = Debug;
		};
		D3E50F552178850D000270EE /* Release */ = {
			isa = XCBuildConfiguration;
			baseConfigurationReference = E1C3977C63C9ACA352E47E74 /* Pods-ArRobotCodeTests.release.xcconfig */;
			buildSettings = {
				ALWAYS_EMBED_SWIFT_STANDARD_LIBRARIES = YES;
				BUNDLE_LOADER = "$(TEST_HOST)";
				CODE_SIGN_STYLE = Automatic;
				DEVELOPMENT_TEAM = 384934A544;
				INFOPLIST_FILE = ArRobotCodeTests/Info.plist;
				LD_RUNPATH_SEARCH_PATHS = (
					"$(inherited)",
					"@executable_path/Frameworks",
					"@loader_path/Frameworks",
				);
				PRODUCT_BUNDLE_IDENTIFIER = mircea.sorin.sebastian.ArRobotCodeTests;
				PRODUCT_NAME = "$(TARGET_NAME)";
				SWIFT_VERSION = 4.2;
				TARGETED_DEVICE_FAMILY = "1,2";
				TEST_HOST = "$(BUILT_PRODUCTS_DIR)/ArRobotCode.app/ArRobotCode";
			};
			name = Release;
		};
		D3E50F572178850D000270EE /* Debug */ = {
			isa = XCBuildConfiguration;
			baseConfigurationReference = D3F4BDBA13353D4679E0430E /* Pods-ArRobotCodeUITests.debug.xcconfig */;
			buildSettings = {
				ALWAYS_EMBED_SWIFT_STANDARD_LIBRARIES = YES;
				CODE_SIGN_STYLE = Automatic;
				DEVELOPMENT_TEAM = 384934A544;
				INFOPLIST_FILE = ArRobotCodeUITests/Info.plist;
				LD_RUNPATH_SEARCH_PATHS = (
					"$(inherited)",
					"@executable_path/Frameworks",
					"@loader_path/Frameworks",
				);
				PRODUCT_BUNDLE_IDENTIFIER = mircea.sorin.sebastian.ArRobotCodeUITests;
				PRODUCT_NAME = "$(TARGET_NAME)";
				SWIFT_VERSION = 4.2;
				TARGETED_DEVICE_FAMILY = "1,2";
				TEST_TARGET_NAME = ArRobotCode;
			};
			name = Debug;
		};
		D3E50F582178850D000270EE /* Release */ = {
			isa = XCBuildConfiguration;
			baseConfigurationReference = B262C8F5CBA09810F4EFEC74 /* Pods-ArRobotCodeUITests.release.xcconfig */;
			buildSettings = {
				ALWAYS_EMBED_SWIFT_STANDARD_LIBRARIES = YES;
				CODE_SIGN_STYLE = Automatic;
				DEVELOPMENT_TEAM = 384934A544;
				INFOPLIST_FILE = ArRobotCodeUITests/Info.plist;
				LD_RUNPATH_SEARCH_PATHS = (
					"$(inherited)",
					"@executable_path/Frameworks",
					"@loader_path/Frameworks",
				);
				PRODUCT_BUNDLE_IDENTIFIER = mircea.sorin.sebastian.ArRobotCodeUITests;
				PRODUCT_NAME = "$(TARGET_NAME)";
				SWIFT_VERSION = 4.2;
				TARGETED_DEVICE_FAMILY = "1,2";
				TEST_TARGET_NAME = ArRobotCode;
			};
			name = Release;
		};
/* End XCBuildConfiguration section */

/* Begin XCConfigurationList section */
		D3E50F212178850C000270EE /* Build configuration list for PBXProject "ArRobotCode" */ = {
			isa = XCConfigurationList;
			buildConfigurations = (
				D3E50F4E2178850D000270EE /* Debug */,
				D3E50F4F2178850D000270EE /* Release */,
			);
			defaultConfigurationIsVisible = 0;
			defaultConfigurationName = Release;
		};
		D3E50F502178850D000270EE /* Build configuration list for PBXNativeTarget "ArRobotCode" */ = {
			isa = XCConfigurationList;
			buildConfigurations = (
				D3E50F512178850D000270EE /* Debug */,
				D3E50F522178850D000270EE /* Release */,
			);
			defaultConfigurationIsVisible = 0;
			defaultConfigurationName = Release;
		};
		D3E50F532178850D000270EE /* Build configuration list for PBXNativeTarget "ArRobotCodeTests" */ = {
			isa = XCConfigurationList;
			buildConfigurations = (
				D3E50F542178850D000270EE /* Debug */,
				D3E50F552178850D000270EE /* Release */,
			);
			defaultConfigurationIsVisible = 0;
			defaultConfigurationName = Release;
		};
		D3E50F562178850D000270EE /* Build configuration list for PBXNativeTarget "ArRobotCodeUITests" */ = {
			isa = XCConfigurationList;
			buildConfigurations = (
				D3E50F572178850D000270EE /* Debug */,
				D3E50F582178850D000270EE /* Release */,
			);
			defaultConfigurationIsVisible = 0;
			defaultConfigurationName = Release;
		};
/* End XCConfigurationList section */
	};
	rootObject = D3E50F1E2178850C000270EE /* Project object */;
}
